
Microsoft Visual Studio Solution File, Format Version 12.00
# Visual Studio Version 16
VisualStudioVersion = 16.0.31911.196
MinimumVisualStudioVersion = 10.0.40219.1
Project("{FAE04EC0-301F-11D3-BF4B-00C04F79EFBC}") = "ChurrasTrinca", "ChurrasTrinca\ChurrasTrinca.csproj", "{A30B1EA9-05F3-4B13-899A-7CB4DD237142}"
EndProject
Project("{FAE04EC0-301F-11D3-BF4B-00C04F79EFBC}") = "Core", "Core\Core.csproj", "{1F6B99B3-071E-4931-B958-4E8721036759}"
EndProject
Project("{FAE04EC0-301F-11D3-BF4B-00C04F79EFBC}") = "Infra", "Infra\Infra.csproj", "{E716D240-2D3F-4560-A4FC-936BEED90395}"
EndProject
Project("{FAE04EC0-301F-11D3-BF4B-00C04F79EFBC}") = "Test", "Test\Test.csproj", "{903A6E94-3CC7-4D9D-BEAD-C9AD029DAFCC}"
EndProject
Global
	GlobalSection(SolutionConfigurationPlatforms) = preSolution
		Debug|Any CPU = Debug|Any CPU
		Release|Any CPU = Release|Any CPU
	EndGlobalSection
	GlobalSection(ProjectConfigurationPlatforms) = postSolution
		{A30B1EA9-05F3-4B13-899A-7CB4DD237142}.Debug|Any CPU.ActiveCfg = Debug|Any CPU
		{A30B1EA9-05F3-4B13-899A-7CB4DD237142}.Debug|Any CPU.Build.0 = Debug|Any CPU
		{A30B1EA9-05F3-4B13-899A-7CB4DD237142}.Release|Any CPU.ActiveCfg = Release|Any CPU
		{A30B1EA9-05F3-4B13-899A-7CB4DD237142}.Release|Any CPU.Build.0 = Release|Any CPU
		{1F6B99B3-071E-4931-B958-4E8721036759}.Debug|Any CPU.ActiveCfg = Debug|Any CPU
		{1F6B99B3-071E-4931-B958-4E8721036759}.Debug|Any CPU.Build.0 = Debug|Any CPU
		{1F6B99B3-071E-4931-B958-4E8721036759}.Release|Any CPU.ActiveCfg = Release|Any CPU
		{1F6B99B3-071E-4931-B958-4E8721036759}.Release|Any CPU.Build.0 = Release|Any CPU
		{E716D240-2D3F-4560-A4FC-936BEED90395}.Debug|Any CPU.ActiveCfg = Debug|Any CPU
		{E716D240-2D3F-4560-A4FC-936BEED90395}.Debug|Any CPU.Build.0 = Debug|Any CPU
		{E716D240-2D3F-4560-A4FC-936BEED90395}.Release|Any CPU.ActiveCfg = Release|Any CPU
		{E716D240-2D3F-4560-A4FC-936BEED90395}.Release|Any CPU.Build.0 = Release|Any CPU
		{903A6E94-3CC7-4D9D-BEAD-C9AD029DAFCC}.Debug|Any CPU.ActiveCfg = Debug|Any CPU
		{903A6E94-3CC7-4D9D-BEAD-C9AD029DAFCC}.Debug|Any CPU.Build.0 = Debug|Any CPU
		{903A6E94-3CC7-4D9D-BEAD-C9AD029DAFCC}.Release|Any CPU.ActiveCfg = Release|Any CPU
		{903A6E94-3CC7-4D9D-BEAD-C9AD029DAFCC}.Release|Any CPU.Build.0 = Release|Any CPU
	EndGlobalSection
	GlobalSection(SolutionProperties) = preSolution
		HideSolutionNode = FALSE
	EndGlobalSection
	GlobalSection(ExtensibilityGlobals) = postSolution
		SolutionGuid = {5036C720-7CF5-4520-85A6-3E78D128C70B}
	EndGlobalSection
EndGlobal
